
Microsoft Visual Studio Solution File, Format Version 12.00
# Visual Studio 15
VisualStudioVersion = 15.0.26430.14
MinimumVisualStudioVersion = 10.0.40219.1
Project("{A07B5EB6-E848-4116-A8D0-A826331D98C6}") = "MyServicesCluster", "MyServicesCluster\MyServicesCluster.sfproj", "{8AD9E70A-4D2A-4D61-BEC0-AFD575926B0F}"
EndProject
Project("{FAE04EC0-301F-11D3-BF4B-00C04F79EFBC}") = "ProductsSrvc", "ProductsSrvc\ProductsSrvc.csproj", "{44893343-615E-4D43-A0E4-BB6778FBF501}"
EndProject
Project("{2150E333-8FDC-42A3-9474-1A3956D46DE8}") = "UnitTests", "UnitTests", "{628D40F5-9FB8-4A4B-9DF3-0E5CEF64EA34}"
EndProject
Project("{FAE04EC0-301F-11D3-BF4B-00C04F79EFBC}") = "ProductSrvcTest", "ProductSrvcTest\ProductSrvcTest.csproj", "{D52528DA-06D8-434B-9049-D02D46117BEA}"
EndProject
Global
	GlobalSection(SolutionConfigurationPlatforms) = preSolution
		Debug|Any CPU = Debug|Any CPU
		Debug|x64 = Debug|x64
		Release|Any CPU = Release|Any CPU
		Release|x64 = Release|x64
	EndGlobalSection
	GlobalSection(ProjectConfigurationPlatforms) = postSolution
		{8AD9E70A-4D2A-4D61-BEC0-AFD575926B0F}.Debug|Any CPU.ActiveCfg = Debug|x64
		{8AD9E70A-4D2A-4D61-BEC0-AFD575926B0F}.Debug|x64.ActiveCfg = Debug|x64
		{8AD9E70A-4D2A-4D61-BEC0-AFD575926B0F}.Debug|x64.Build.0 = Debug|x64
		{8AD9E70A-4D2A-4D61-BEC0-AFD575926B0F}.Debug|x64.Deploy.0 = Debug|x64
		{8AD9E70A-4D2A-4D61-BEC0-AFD575926B0F}.Release|Any CPU.ActiveCfg = Release|x64
		{8AD9E70A-4D2A-4D61-BEC0-AFD575926B0F}.Release|x64.ActiveCfg = Release|x64
		{8AD9E70A-4D2A-4D61-BEC0-AFD575926B0F}.Release|x64.Build.0 = Release|x64
		{8AD9E70A-4D2A-4D61-BEC0-AFD575926B0F}.Release|x64.Deploy.0 = Release|x64
		{44893343-615E-4D43-A0E4-BB6778FBF501}.Debug|Any CPU.ActiveCfg = Debug|x64
		{44893343-615E-4D43-A0E4-BB6778FBF501}.Debug|x64.ActiveCfg = Debug|x64
		{44893343-615E-4D43-A0E4-BB6778FBF501}.Debug|x64.Build.0 = Debug|x64
		{44893343-615E-4D43-A0E4-BB6778FBF501}.Release|Any CPU.ActiveCfg = Release|x64
		{44893343-615E-4D43-A0E4-BB6778FBF501}.Release|x64.ActiveCfg = Release|x64
		{44893343-615E-4D43-A0E4-BB6778FBF501}.Release|x64.Build.0 = Release|x64
		{D52528DA-06D8-434B-9049-D02D46117BEA}.Debug|Any CPU.ActiveCfg = Debug|Any CPU
		{D52528DA-06D8-434B-9049-D02D46117BEA}.Debug|Any CPU.Build.0 = Debug|Any CPU
		{D52528DA-06D8-434B-9049-D02D46117BEA}.Debug|x64.ActiveCfg = Debug|Any CPU
		{D52528DA-06D8-434B-9049-D02D46117BEA}.Debug|x64.Build.0 = Debug|Any CPU
		{D52528DA-06D8-434B-9049-D02D46117BEA}.Release|Any CPU.ActiveCfg = Release|Any CPU
		{D52528DA-06D8-434B-9049-D02D46117BEA}.Release|Any CPU.Build.0 = Release|Any CPU
		{D52528DA-06D8-434B-9049-D02D46117BEA}.Release|x64.ActiveCfg = Release|Any CPU
		{D52528DA-06D8-434B-9049-D02D46117BEA}.Release|x64.Build.0 = Release|Any CPU
	EndGlobalSection
	GlobalSection(SolutionProperties) = preSolution
		HideSolutionNode = FALSE
	EndGlobalSection
	GlobalSection(NestedProjects) = preSolution
		{D52528DA-06D8-434B-9049-D02D46117BEA} = {628D40F5-9FB8-4A4B-9DF3-0E5CEF64EA34}
	EndGlobalSection
EndGlobal
